
Microsoft Visual Studio Solution File, Format Version 12.00
# Visual Studio Version 16
VisualStudioVersion = 16.0.29728.190
MinimumVisualStudioVersion = 10.0.40219.1
Project("{9A19103F-16F7-4668-BE54-9A1E7A4F7556}") = "OnlineShopping", "OnlineShopping\OnlineShopping.csproj", "{B4F6B399-7311-4DB0-BEC8-FA43A47EBF32}"
EndProject
Project("{9A19103F-16F7-4668-BE54-9A1E7A4F7556}") = "OnlineShoppingTest", "OnlineShoppingTest\OnlineShoppingTest.csproj", "{1D74F8E5-34D7-490D-B464-04A74469BB56}"
EndProject
Global
	GlobalSection(SolutionConfigurationPlatforms) = preSolution
		Debug|Any CPU = Debug|Any CPU
		Release|Any CPU = Release|Any CPU
	EndGlobalSection
	GlobalSection(ProjectConfigurationPlatforms) = postSolution
		{B4F6B399-7311-4DB0-BEC8-FA43A47EBF32}.Debug|Any CPU.ActiveCfg = Debug|Any CPU
		{B4F6B399-7311-4DB0-BEC8-FA43A47EBF32}.Debug|Any CPU.Build.0 = Debug|Any CPU
		{B4F6B399-7311-4DB0-BEC8-FA43A47EBF32}.Release|Any CPU.ActiveCfg = Release|Any CPU
		{B4F6B399-7311-4DB0-BEC8-FA43A47EBF32}.Release|Any CPU.Build.0 = Release|Any CPU
		{1D74F8E5-34D7-490D-B464-04A74469BB56}.Debug|Any CPU.ActiveCfg = Debug|Any CPU
		{1D74F8E5-34D7-490D-B464-04A74469BB56}.Debug|Any CPU.Build.0 = Debug|Any CPU
		{1D74F8E5-34D7-490D-B464-04A74469BB56}.Release|Any CPU.ActiveCfg = Release|Any CPU
		{1D74F8E5-34D7-490D-B464-04A74469BB56}.Release|Any CPU.Build.0 = Release|Any CPU
	EndGlobalSection
	GlobalSection(SolutionProperties) = preSolution
		HideSolutionNode = FALSE
	EndGlobalSection
	GlobalSection(ExtensibilityGlobals) = postSolution
		SolutionGuid = {CE36F3E8-4B09-42AA-932E-44F7B9F10397}
	EndGlobalSection
EndGlobal
